
Microsoft Visual Studio Solution File, Format Version 11.00
# Visual Studio 2010
Project("{FAE04EC0-301F-11D3-BF4B-00C04F79EFBC}") = "libdevicecomm", "libdevicecomm\libdevicecomm.csproj", "{0745695B-0C2D-40E1-88FE-9299B92A6AF6}"
EndProject
Project("{FAE04EC0-301F-11D3-BF4B-00C04F79EFBC}") = "libdeviceui", "libdeviceui\libdeviceui.csproj", "{2B7BB484-19C5-4448-BE5B-662FE10669DA}"
EndProject
Project("{FAE04EC0-301F-11D3-BF4B-00C04F79EFBC}") = "DeviceAirConditioner", "DeviceAirConditioner\DeviceAirConditioner.csproj", "{11506522-2245-44AA-91FE-C92CC58B4666}"
EndProject
Project("{FAE04EC0-301F-11D3-BF4B-00C04F79EFBC}") = "DeviceHeater", "DeviceHeater\DeviceHeater.csproj", "{E6619B39-03AB-4A3F-A911-A0719574DA6C}"
EndProject
Project("{FAE04EC0-301F-11D3-BF4B-00C04F79EFBC}") = "DeviceVerifier", "DeviceVerifier\DeviceVerifier.csproj", "{11F9274D-3B62-40AD-96E8-F4F4316B111E}"
EndProject
Project("{FAE04EC0-301F-11D3-BF4B-00C04F79EFBC}") = "DeviceThermometer", "DeviceThermometer\DeviceThermometer.csproj", "{92E54547-B633-4103-8AE9-9B4D28A1F8E4}"
EndProject
Project("{2150E333-8FDC-42A3-9474-1A3956D46DE8}") = "00_SuperSocket(1.6.5)", "00_SuperSocket(1.6.5)", "{42D50A47-98DA-4CB2-9596-A6458F3153AE}"
EndProject
Project("{FAE04EC0-301F-11D3-BF4B-00C04F79EFBC}") = "SuperSocket.SocketService.Net40", "SuperSocket(1.6.5)\SocketService\SuperSocket.SocketService.Net40.csproj", "{B9113694-7226-4152-938D-3172B11571A1}"
EndProject
Project("{FAE04EC0-301F-11D3-BF4B-00C04F79EFBC}") = "SuperSocket.Common.Net40", "SuperSocket(1.6.5)\Common\SuperSocket.Common.Net40.csproj", "{A24F4D38-BA9C-4FD6-95B7-4980DE36131A}"
EndProject
Project("{FAE04EC0-301F-11D3-BF4B-00C04F79EFBC}") = "SuperSocket.Test.Net40", "SuperSocket(1.6.5)\Test\SuperSocket.Test.Net40.csproj", "{BDBB6CE9-C3CE-49C1-A05E-2D7628430A02}"
EndProject
Project("{FAE04EC0-301F-11D3-BF4B-00C04F79EFBC}") = "SuperSocket.SocketBase.Net40", "SuperSocket(1.6.5)\SocketBase\SuperSocket.SocketBase.Net40.csproj", "{40B77789-EA11-4C05-8F52-86711D7BCAAF}"
EndProject
Project("{FAE04EC0-301F-11D3-BF4B-00C04F79EFBC}") = "SuperSocket.SocketEngine.Net40", "SuperSocket(1.6.5)\SocketEngine\SuperSocket.SocketEngine.Net40.csproj", "{153FEF72-191C-43D9-BE71-2B351C7AC760}"
EndProject
Project("{2150E333-8FDC-42A3-9474-1A3956D46DE8}") = "Solution Items", "Solution Items", "{BEAF6CBD-16DD-456B-A889-421E0DFAB783}"
	ProjectSection(SolutionItems) = preProject
		SuperSocket(1.6.5)\Solution Items\GlobalAssemblyInfo.cs = SuperSocket(1.6.5)\Solution Items\GlobalAssemblyInfo.cs
		SuperSocket(1.6.5)\Solution Items\log4net.config = SuperSocket(1.6.5)\Solution Items\log4net.config
		SuperSocket(1.6.5)\Solution Items\log4net.unix.config = SuperSocket(1.6.5)\Solution Items\log4net.unix.config
	EndProjectSection
EndProject
Project("{2150E333-8FDC-42A3-9474-1A3956D46DE8}") = "Net35", "Net35", "{FC181BA8-9DE5-444C-899F-9C554BC65629}"
	ProjectSection(SolutionItems) = preProject
		SuperSocket(1.6.5)\Solution Items\Net35\App.config = SuperSocket(1.6.5)\Solution Items\Net35\App.config
	EndProjectSection
EndProject
Project("{2150E333-8FDC-42A3-9474-1A3956D46DE8}") = "Net40", "Net40", "{ACCCC9EB-6386-44DC-8147-D69751FC6D93}"
	ProjectSection(SolutionItems) = preProject
		SuperSocket(1.6.5)\Solution Items\Net40\App.config = SuperSocket(1.6.5)\Solution Items\Net40\App.config
	EndProjectSection
EndProject
Project("{FAE04EC0-301F-11D3-BF4B-00C04F79EFBC}") = "SuperSocket.Facility.Net40", "SuperSocket(1.6.5)\Facility\SuperSocket.Facility.Net40.csproj", "{01987BAC-C498-44DD-B274-62EA2506B51D}"
EndProject
Project("{FAE04EC0-301F-11D3-BF4B-00C04F79EFBC}") = "SuperSocket.Dlr.Net40", "SuperSocket(1.6.5)\Dlr\SuperSocket.Dlr.Net40.csproj", "{55BAA051-CE62-4D4A-81B6-68B042CC78E9}"
EndProject
Project("{FAE04EC0-301F-11D3-BF4B-00C04F79EFBC}") = "SuperSocket.Agent.Net40", "SuperSocket(1.6.5)\Agent\SuperSocket.Agent.Net40.csproj", "{49BA8E71-4F97-40D6-BBE7-22B71D222486}"
EndProject
Project("{2150E333-8FDC-42A3-9474-1A3956D46DE8}") = "01_SmartHomeSystem", "01_SmartHomeSystem", "{A95717F1-D69A-4254-AB89-A5D46B6AFF4A}"
EndProject
Project("{2150E333-8FDC-42A3-9474-1A3956D46DE8}") = "02_SocketTest", "02_SocketTest", "{AD3B4AE5-9958-4A2D-9EEE-9A3FD5153D81}"
EndProject
Project("{FAE04EC0-301F-11D3-BF4B-00C04F79EFBC}") = "libnetsocket", "libnetsocket\libnetsocket.csproj", "{1C137CC3-DBBF-469B-BC14-DAAF3A75E197}"
EndProject
Project("{FAE04EC0-301F-11D3-BF4B-00C04F79EFBC}") = "TestServer", "TestServer\TestServer.csproj", "{CE494EA2-825A-44AA-886E-8FDCE0AE37BA}"
EndProject
Project("{2150E333-8FDC-42A3-9474-1A3956D46DE8}") = "00_SuperSocket_Client", "00_SuperSocket_Client", "{F3231D96-56A1-4DB0-8E22-7EC5E8A1D470}"
EndProject
Project("{FAE04EC0-301F-11D3-BF4B-00C04F79EFBC}") = "Core.Net40", "SuperSocket.ClientEngine\Core\Core.Net40.csproj", "{1BC7E184-8225-425A-900E-9FEA38865E20}"
EndProject
Project("{FAE04EC0-301F-11D3-BF4B-00C04F79EFBC}") = "Protocol.Net40", "SuperSocket.ClientEngine\Protocol\Protocol.Net40.csproj", "{D9A94B6C-7A16-4472-916C-AF2CD1B1F226}"
EndProject
Project("{FAE04EC0-301F-11D3-BF4B-00C04F79EFBC}") = "Proxy.Net40", "SuperSocket.ClientEngine\Proxy\Proxy.Net40.csproj", "{00BD38B0-9D33-4E65-9B86-01576FD8B778}"
EndProject
Project("{FAE04EC0-301F-11D3-BF4B-00C04F79EFBC}") = "Common.Net40", "SuperSocket.ClientEngine\Common\Common.Net40.csproj", "{87FA4C97-A768-463B-B1D1-317A07C5FACE}"
EndProject
Project("{FAE04EC0-301F-11D3-BF4B-00C04F79EFBC}") = "TestClient", "TestClient\TestClient.csproj", "{58AF6AD6-3DFA-4B34-BC4F-4AEB6DA711E9}"
EndProject
Global
	GlobalSection(SolutionConfigurationPlatforms) = preSolution
		Debug|Any CPU = Debug|Any CPU
		Debug|Mixed Platforms = Debug|Mixed Platforms
		Debug|x86 = Debug|x86
		Release|Any CPU = Release|Any CPU
		Release|Mixed Platforms = Release|Mixed Platforms
		Release|x86 = Release|x86
		Test|Any CPU = Test|Any CPU
		Test|Mixed Platforms = Test|Mixed Platforms
		Test|x86 = Test|x86
	EndGlobalSection
	GlobalSection(ProjectConfigurationPlatforms) = postSolution
		{0745695B-0C2D-40E1-88FE-9299B92A6AF6}.Debug|Any CPU.ActiveCfg = Debug|Any CPU
		{0745695B-0C2D-40E1-88FE-9299B92A6AF6}.Debug|Any CPU.Build.0 = Debug|Any CPU
		{0745695B-0C2D-40E1-88FE-9299B92A6AF6}.Debug|Mixed Platforms.ActiveCfg = Debug|Any CPU
		{0745695B-0C2D-40E1-88FE-9299B92A6AF6}.Debug|Mixed Platforms.Build.0 = Debug|Any CPU
		{0745695B-0C2D-40E1-88FE-9299B92A6AF6}.Debug|x86.ActiveCfg = Debug|Any CPU
		{0745695B-0C2D-40E1-88FE-9299B92A6AF6}.Release|Any CPU.ActiveCfg = Release|Any CPU
		{0745695B-0C2D-40E1-88FE-9299B92A6AF6}.Release|Any CPU.Build.0 = Release|Any CPU
		{0745695B-0C2D-40E1-88FE-9299B92A6AF6}.Release|Mixed Platforms.ActiveCfg = Release|Any CPU
		{0745695B-0C2D-40E1-88FE-9299B92A6AF6}.Release|Mixed Platforms.Build.0 = Release|Any CPU
		{0745695B-0C2D-40E1-88FE-9299B92A6AF6}.Release|x86.ActiveCfg = Release|Any CPU
		{0745695B-0C2D-40E1-88FE-9299B92A6AF6}.Test|Any CPU.ActiveCfg = Release|Any CPU
		{0745695B-0C2D-40E1-88FE-9299B92A6AF6}.Test|Any CPU.Build.0 = Release|Any CPU
		{0745695B-0C2D-40E1-88FE-9299B92A6AF6}.Test|Mixed Platforms.ActiveCfg = Release|Any CPU
		{0745695B-0C2D-40E1-88FE-9299B92A6AF6}.Test|Mixed Platforms.Build.0 = Release|Any CPU
		{0745695B-0C2D-40E1-88FE-9299B92A6AF6}.Test|x86.ActiveCfg = Release|Any CPU
		{2B7BB484-19C5-4448-BE5B-662FE10669DA}.Debug|Any CPU.ActiveCfg = Debug|Any CPU
		{2B7BB484-19C5-4448-BE5B-662FE10669DA}.Debug|Any CPU.Build.0 = Debug|Any CPU
		{2B7BB484-19C5-4448-BE5B-662FE10669DA}.Debug|Mixed Platforms.ActiveCfg = Debug|Any CPU
		{2B7BB484-19C5-4448-BE5B-662FE10669DA}.Debug|Mixed Platforms.Build.0 = Debug|Any CPU
		{2B7BB484-19C5-4448-BE5B-662FE10669DA}.Debug|x86.ActiveCfg = Debug|Any CPU
		{2B7BB484-19C5-4448-BE5B-662FE10669DA}.Release|Any CPU.ActiveCfg = Release|Any CPU
		{2B7BB484-19C5-4448-BE5B-662FE10669DA}.Release|Any CPU.Build.0 = Release|Any CPU
		{2B7BB484-19C5-4448-BE5B-662FE10669DA}.Release|Mixed Platforms.ActiveCfg = Release|Any CPU
		{2B7BB484-19C5-4448-BE5B-662FE10669DA}.Release|Mixed Platforms.Build.0 = Release|Any CPU
		{2B7BB484-19C5-4448-BE5B-662FE10669DA}.Release|x86.ActiveCfg = Release|Any CPU
		{2B7BB484-19C5-4448-BE5B-662FE10669DA}.Test|Any CPU.ActiveCfg = Release|Any CPU
		{2B7BB484-19C5-4448-BE5B-662FE10669DA}.Test|Any CPU.Build.0 = Release|Any CPU
		{2B7BB484-19C5-4448-BE5B-662FE10669DA}.Test|Mixed Platforms.ActiveCfg = Release|Any CPU
		{2B7BB484-19C5-4448-BE5B-662FE10669DA}.Test|Mixed Platforms.Build.0 = Release|Any CPU
		{2B7BB484-19C5-4448-BE5B-662FE10669DA}.Test|x86.ActiveCfg = Release|Any CPU
		{11506522-2245-44AA-91FE-C92CC58B4666}.Debug|Any CPU.ActiveCfg = Debug|x86
		{11506522-2245-44AA-91FE-C92CC58B4666}.Debug|Mixed Platforms.ActiveCfg = Debug|x86
		{11506522-2245-44AA-91FE-C92CC58B4666}.Debug|Mixed Platforms.Build.0 = Debug|x86
		{11506522-2245-44AA-91FE-C92CC58B4666}.Debug|x86.ActiveCfg = Debug|x86
		{11506522-2245-44AA-91FE-C92CC58B4666}.Debug|x86.Build.0 = Debug|x86
		{11506522-2245-44AA-91FE-C92CC58B4666}.Release|Any CPU.ActiveCfg = Release|x86
		{11506522-2245-44AA-91FE-C92CC58B4666}.Release|Mixed Platforms.ActiveCfg = Release|x86
		{11506522-2245-44AA-91FE-C92CC58B4666}.Release|Mixed Platforms.Build.0 = Release|x86
		{11506522-2245-44AA-91FE-C92CC58B4666}.Release|x86.ActiveCfg = Release|x86
		{11506522-2245-44AA-91FE-C92CC58B4666}.Release|x86.Build.0 = Release|x86
		{11506522-2245-44AA-91FE-C92CC58B4666}.Test|Any CPU.ActiveCfg = Release|x86
		{11506522-2245-44AA-91FE-C92CC58B4666}.Test|Mixed Platforms.ActiveCfg = Release|x86
		{11506522-2245-44AA-91FE-C92CC58B4666}.Test|Mixed Platforms.Build.0 = Release|x86
		{11506522-2245-44AA-91FE-C92CC58B4666}.Test|x86.ActiveCfg = Release|x86
		{11506522-2245-44AA-91FE-C92CC58B4666}.Test|x86.Build.0 = Release|x86
		{E6619B39-03AB-4A3F-A911-A0719574DA6C}.Debug|Any CPU.ActiveCfg = Debug|x86
		{E6619B39-03AB-4A3F-A911-A0719574DA6C}.Debug|Mixed Platforms.ActiveCfg = Debug|x86
		{E6619B39-03AB-4A3F-A911-A0719574DA6C}.Debug|Mixed Platforms.Build.0 = Debug|x86
		{E6619B39-03AB-4A3F-A911-A0719574DA6C}.Debug|x86.ActiveCfg = Debug|x86
		{E6619B39-03AB-4A3F-A911-A0719574DA6C}.Debug|x86.Build.0 = Debug|x86
		{E6619B39-03AB-4A3F-A911-A0719574DA6C}.Release|Any CPU.ActiveCfg = Release|x86
		{E6619B39-03AB-4A3F-A911-A0719574DA6C}.Release|Mixed Platforms.ActiveCfg = Release|x86
		{E6619B39-03AB-4A3F-A911-A0719574DA6C}.Release|Mixed Platforms.Build.0 = Release|x86
		{E6619B39-03AB-4A3F-A911-A0719574DA6C}.Release|x86.ActiveCfg = Release|x86
		{E6619B39-03AB-4A3F-A911-A0719574DA6C}.Release|x86.Build.0 = Release|x86
		{E6619B39-03AB-4A3F-A911-A0719574DA6C}.Test|Any CPU.ActiveCfg = Release|x86
		{E6619B39-03AB-4A3F-A911-A0719574DA6C}.Test|Mixed Platforms.ActiveCfg = Release|x86
		{E6619B39-03AB-4A3F-A911-A0719574DA6C}.Test|Mixed Platforms.Build.0 = Release|x86
		{E6619B39-03AB-4A3F-A911-A0719574DA6C}.Test|x86.ActiveCfg = Release|x86
		{E6619B39-03AB-4A3F-A911-A0719574DA6C}.Test|x86.Build.0 = Release|x86
		{11F9274D-3B62-40AD-96E8-F4F4316B111E}.Debug|Any CPU.ActiveCfg = Debug|x86
		{11F9274D-3B62-40AD-96E8-F4F4316B111E}.Debug|Mixed Platforms.ActiveCfg = Debug|x86
		{11F9274D-3B62-40AD-96E8-F4F4316B111E}.Debug|Mixed Platforms.Build.0 = Debug|x86
		{11F9274D-3B62-40AD-96E8-F4F4316B111E}.Debug|x86.ActiveCfg = Debug|x86
		{11F9274D-3B62-40AD-96E8-F4F4316B111E}.Debug|x86.Build.0 = Debug|x86
		{11F9274D-3B62-40AD-96E8-F4F4316B111E}.Release|Any CPU.ActiveCfg = Release|x86
		{11F9274D-3B62-40AD-96E8-F4F4316B111E}.Release|Mixed Platforms.ActiveCfg = Release|x86
		{11F9274D-3B62-40AD-96E8-F4F4316B111E}.Release|Mixed Platforms.Build.0 = Release|x86
		{11F9274D-3B62-40AD-96E8-F4F4316B111E}.Release|x86.ActiveCfg = Release|x86
		{11F9274D-3B62-40AD-96E8-F4F4316B111E}.Release|x86.Build.0 = Release|x86
		{11F9274D-3B62-40AD-96E8-F4F4316B111E}.Test|Any CPU.ActiveCfg = Release|x86
		{11F9274D-3B62-40AD-96E8-F4F4316B111E}.Test|Mixed Platforms.ActiveCfg = Release|x86
		{11F9274D-3B62-40AD-96E8-F4F4316B111E}.Test|Mixed Platforms.Build.0 = Release|x86
		{11F9274D-3B62-40AD-96E8-F4F4316B111E}.Test|x86.ActiveCfg = Release|x86
		{11F9274D-3B62-40AD-96E8-F4F4316B111E}.Test|x86.Build.0 = Release|x86
		{92E54547-B633-4103-8AE9-9B4D28A1F8E4}.Debug|Any CPU.ActiveCfg = Debug|x86
		{92E54547-B633-4103-8AE9-9B4D28A1F8E4}.Debug|Mixed Platforms.ActiveCfg = Debug|x86
		{92E54547-B633-4103-8AE9-9B4D28A1F8E4}.Debug|Mixed Platforms.Build.0 = Debug|x86
		{92E54547-B633-4103-8AE9-9B4D28A1F8E4}.Debug|x86.ActiveCfg = Debug|x86
		{92E54547-B633-4103-8AE9-9B4D28A1F8E4}.Debug|x86.Build.0 = Debug|x86
		{92E54547-B633-4103-8AE9-9B4D28A1F8E4}.Release|Any CPU.ActiveCfg = Release|x86
		{92E54547-B633-4103-8AE9-9B4D28A1F8E4}.Release|Mixed Platforms.ActiveCfg = Release|x86
		{92E54547-B633-4103-8AE9-9B4D28A1F8E4}.Release|Mixed Platforms.Build.0 = Release|x86
		{92E54547-B633-4103-8AE9-9B4D28A1F8E4}.Release|x86.ActiveCfg = Release|x86
		{92E54547-B633-4103-8AE9-9B4D28A1F8E4}.Release|x86.Build.0 = Release|x86
		{92E54547-B633-4103-8AE9-9B4D28A1F8E4}.Test|Any CPU.ActiveCfg = Release|x86
		{92E54547-B633-4103-8AE9-9B4D28A1F8E4}.Test|Mixed Platforms.ActiveCfg = Release|x86
		{92E54547-B633-4103-8AE9-9B4D28A1F8E4}.Test|Mixed Platforms.Build.0 = Release|x86
		{92E54547-B633-4103-8AE9-9B4D28A1F8E4}.Test|x86.ActiveCfg = Release|x86
		{92E54547-B633-4103-8AE9-9B4D28A1F8E4}.Test|x86.Build.0 = Release|x86
		{B9113694-7226-4152-938D-3172B11571A1}.Debug|Any CPU.ActiveCfg = Debug|Any CPU
		{B9113694-7226-4152-938D-3172B11571A1}.Debug|Any CPU.Build.0 = Debug|Any CPU
		{B9113694-7226-4152-938D-3172B11571A1}.Debug|Mixed Platforms.ActiveCfg = Debug|Any CPU
		{B9113694-7226-4152-938D-3172B11571A1}.Debug|Mixed Platforms.Build.0 = Debug|Any CPU
		{B9113694-7226-4152-938D-3172B11571A1}.Debug|x86.ActiveCfg = Debug|Any CPU
		{B9113694-7226-4152-938D-3172B11571A1}.Release|Any CPU.ActiveCfg = Release|Any CPU
		{B9113694-7226-4152-938D-3172B11571A1}.Release|Any CPU.Build.0 = Release|Any CPU
		{B9113694-7226-4152-938D-3172B11571A1}.Release|Mixed Platforms.ActiveCfg = Release|Any CPU
		{B9113694-7226-4152-938D-3172B11571A1}.Release|Mixed Platforms.Build.0 = Release|Any CPU
		{B9113694-7226-4152-938D-3172B11571A1}.Release|x86.ActiveCfg = Release|Any CPU
		{B9113694-7226-4152-938D-3172B11571A1}.Test|Any CPU.ActiveCfg = Release|Any CPU
		{B9113694-7226-4152-938D-3172B11571A1}.Test|Any CPU.Build.0 = Release|Any CPU
		{B9113694-7226-4152-938D-3172B11571A1}.Test|Mixed Platforms.ActiveCfg = Release|Any CPU
		{B9113694-7226-4152-938D-3172B11571A1}.Test|Mixed Platforms.Build.0 = Release|Any CPU
		{B9113694-7226-4152-938D-3172B11571A1}.Test|x86.ActiveCfg = Release|Any CPU
		{A24F4D38-BA9C-4FD6-95B7-4980DE36131A}.Debug|Any CPU.ActiveCfg = Debug|Any CPU
		{A24F4D38-BA9C-4FD6-95B7-4980DE36131A}.Debug|Any CPU.Build.0 = Debug|Any CPU
		{A24F4D38-BA9C-4FD6-95B7-4980DE36131A}.Debug|Mixed Platforms.ActiveCfg = Debug|Any CPU
		{A24F4D38-BA9C-4FD6-95B7-4980DE36131A}.Debug|Mixed Platforms.Build.0 = Debug|Any CPU
		{A24F4D38-BA9C-4FD6-95B7-4980DE36131A}.Debug|x86.ActiveCfg = Debug|Any CPU
		{A24F4D38-BA9C-4FD6-95B7-4980DE36131A}.Release|Any CPU.ActiveCfg = Release|Any CPU
		{A24F4D38-BA9C-4FD6-95B7-4980DE36131A}.Release|Any CPU.Build.0 = Release|Any CPU
		{A24F4D38-BA9C-4FD6-95B7-4980DE36131A}.Release|Mixed Platforms.ActiveCfg = Release|Any CPU
		{A24F4D38-BA9C-4FD6-95B7-4980DE36131A}.Release|Mixed Platforms.Build.0 = Release|Any CPU
		{A24F4D38-BA9C-4FD6-95B7-4980DE36131A}.Release|x86.ActiveCfg = Release|Any CPU
		{A24F4D38-BA9C-4FD6-95B7-4980DE36131A}.Test|Any CPU.ActiveCfg = Release|Any CPU
		{A24F4D38-BA9C-4FD6-95B7-4980DE36131A}.Test|Any CPU.Build.0 = Release|Any CPU
		{A24F4D38-BA9C-4FD6-95B7-4980DE36131A}.Test|Mixed Platforms.ActiveCfg = Release|Any CPU
		{A24F4D38-BA9C-4FD6-95B7-4980DE36131A}.Test|Mixed Platforms.Build.0 = Release|Any CPU
		{A24F4D38-BA9C-4FD6-95B7-4980DE36131A}.Test|x86.ActiveCfg = Release|Any CPU
		{BDBB6CE9-C3CE-49C1-A05E-2D7628430A02}.Debug|Any CPU.ActiveCfg = Debug|Any CPU
		{BDBB6CE9-C3CE-49C1-A05E-2D7628430A02}.Debug|Any CPU.Build.0 = Debug|Any CPU
		{BDBB6CE9-C3CE-49C1-A05E-2D7628430A02}.Debug|Mixed Platforms.ActiveCfg = Debug|Any CPU
		{BDBB6CE9-C3CE-49C1-A05E-2D7628430A02}.Debug|Mixed Platforms.Build.0 = Debug|Any CPU
		{BDBB6CE9-C3CE-49C1-A05E-2D7628430A02}.Debug|x86.ActiveCfg = Debug|Any CPU
		{BDBB6CE9-C3CE-49C1-A05E-2D7628430A02}.Release|Any CPU.ActiveCfg = Release|Any CPU
		{BDBB6CE9-C3CE-49C1-A05E-2D7628430A02}.Release|Any CPU.Build.0 = Release|Any CPU
		{BDBB6CE9-C3CE-49C1-A05E-2D7628430A02}.Release|Mixed Platforms.ActiveCfg = Release|Any CPU
		{BDBB6CE9-C3CE-49C1-A05E-2D7628430A02}.Release|Mixed Platforms.Build.0 = Release|Any CPU
		{BDBB6CE9-C3CE-49C1-A05E-2D7628430A02}.Release|x86.ActiveCfg = Release|Any CPU
		{BDBB6CE9-C3CE-49C1-A05E-2D7628430A02}.Test|Any CPU.ActiveCfg = Release|Any CPU
		{BDBB6CE9-C3CE-49C1-A05E-2D7628430A02}.Test|Any CPU.Build.0 = Release|Any CPU
		{BDBB6CE9-C3CE-49C1-A05E-2D7628430A02}.Test|Mixed Platforms.ActiveCfg = Release|Any CPU
		{BDBB6CE9-C3CE-49C1-A05E-2D7628430A02}.Test|Mixed Platforms.Build.0 = Release|Any CPU
		{BDBB6CE9-C3CE-49C1-A05E-2D7628430A02}.Test|x86.ActiveCfg = Release|Any CPU
		{40B77789-EA11-4C05-8F52-86711D7BCAAF}.Debug|Any CPU.ActiveCfg = Debug|Any CPU
		{40B77789-EA11-4C05-8F52-86711D7BCAAF}.Debug|Any CPU.Build.0 = Debug|Any CPU
		{40B77789-EA11-4C05-8F52-86711D7BCAAF}.Debug|Mixed Platforms.ActiveCfg = Debug|Any CPU
		{40B77789-EA11-4C05-8F52-86711D7BCAAF}.Debug|Mixed Platforms.Build.0 = Debug|Any CPU
		{40B77789-EA11-4C05-8F52-86711D7BCAAF}.Debug|x86.ActiveCfg = Debug|Any CPU
		{40B77789-EA11-4C05-8F52-86711D7BCAAF}.Release|Any CPU.ActiveCfg = Release|Any CPU
		{40B77789-EA11-4C05-8F52-86711D7BCAAF}.Release|Any CPU.Build.0 = Release|Any CPU
		{40B77789-EA11-4C05-8F52-86711D7BCAAF}.Release|Mixed Platforms.ActiveCfg = Release|Any CPU
		{40B77789-EA11-4C05-8F52-86711D7BCAAF}.Release|Mixed Platforms.Build.0 = Release|Any CPU
		{40B77789-EA11-4C05-8F52-86711D7BCAAF}.Release|x86.ActiveCfg = Release|Any CPU
		{40B77789-EA11-4C05-8F52-86711D7BCAAF}.Test|Any CPU.ActiveCfg = Release|Any CPU
		{40B77789-EA11-4C05-8F52-86711D7BCAAF}.Test|Any CPU.Build.0 = Release|Any CPU
		{40B77789-EA11-4C05-8F52-86711D7BCAAF}.Test|Mixed Platforms.ActiveCfg = Release|Any CPU
		{40B77789-EA11-4C05-8F52-86711D7BCAAF}.Test|Mixed Platforms.Build.0 = Release|Any CPU
		{40B77789-EA11-4C05-8F52-86711D7BCAAF}.Test|x86.ActiveCfg = Release|Any CPU
		{153FEF72-191C-43D9-BE71-2B351C7AC760}.Debug|Any CPU.ActiveCfg = Debug|Any CPU
		{153FEF72-191C-43D9-BE71-2B351C7AC760}.Debug|Any CPU.Build.0 = Debug|Any CPU
		{153FEF72-191C-43D9-BE71-2B351C7AC760}.Debug|Mixed Platforms.ActiveCfg = Debug|Any CPU
		{153FEF72-191C-43D9-BE71-2B351C7AC760}.Debug|Mixed Platforms.Build.0 = Debug|Any CPU
		{153FEF72-191C-43D9-BE71-2B351C7AC760}.Debug|x86.ActiveCfg = Debug|Any CPU
		{153FEF72-191C-43D9-BE71-2B351C7AC760}.Release|Any CPU.ActiveCfg = Release|Any CPU
		{153FEF72-191C-43D9-BE71-2B351C7AC760}.Release|Any CPU.Build.0 = Release|Any CPU
		{153FEF72-191C-43D9-BE71-2B351C7AC760}.Release|Mixed Platforms.ActiveCfg = Release|Any CPU
		{153FEF72-191C-43D9-BE71-2B351C7AC760}.Release|Mixed Platforms.Build.0 = Release|Any CPU
		{153FEF72-191C-43D9-BE71-2B351C7AC760}.Release|x86.ActiveCfg = Release|Any CPU
		{153FEF72-191C-43D9-BE71-2B351C7AC760}.Test|Any CPU.ActiveCfg = Release|Any CPU
		{153FEF72-191C-43D9-BE71-2B351C7AC760}.Test|Any CPU.Build.0 = Release|Any CPU
		{153FEF72-191C-43D9-BE71-2B351C7AC760}.Test|Mixed Platforms.ActiveCfg = Release|Any CPU
		{153FEF72-191C-43D9-BE71-2B351C7AC760}.Test|Mixed Platforms.Build.0 = Release|Any CPU
		{153FEF72-191C-43D9-BE71-2B351C7AC760}.Test|x86.ActiveCfg = Release|Any CPU
		{01987BAC-C498-44DD-B274-62EA2506B51D}.Debug|Any CPU.ActiveCfg = Debug|Any CPU
		{01987BAC-C498-44DD-B274-62EA2506B51D}.Debug|Any CPU.Build.0 = Debug|Any CPU
		{01987BAC-C498-44DD-B274-62EA2506B51D}.Debug|Mixed Platforms.ActiveCfg = Debug|Any CPU
		{01987BAC-C498-44DD-B274-62EA2506B51D}.Debug|Mixed Platforms.Build.0 = Debug|Any CPU
		{01987BAC-C498-44DD-B274-62EA2506B51D}.Debug|x86.ActiveCfg = Debug|Any CPU
		{01987BAC-C498-44DD-B274-62EA2506B51D}.Release|Any CPU.ActiveCfg = Release|Any CPU
		{01987BAC-C498-44DD-B274-62EA2506B51D}.Release|Any CPU.Build.0 = Release|Any CPU
		{01987BAC-C498-44DD-B274-62EA2506B51D}.Release|Mixed Platforms.ActiveCfg = Release|Any CPU
		{01987BAC-C498-44DD-B274-62EA2506B51D}.Release|Mixed Platforms.Build.0 = Release|Any CPU
		{01987BAC-C498-44DD-B274-62EA2506B51D}.Release|x86.ActiveCfg = Release|Any CPU
		{01987BAC-C498-44DD-B274-62EA2506B51D}.Test|Any CPU.ActiveCfg = Release|Any CPU
		{01987BAC-C498-44DD-B274-62EA2506B51D}.Test|Any CPU.Build.0 = Release|Any CPU
		{01987BAC-C498-44DD-B274-62EA2506B51D}.Test|Mixed Platforms.ActiveCfg = Release|Any CPU
		{01987BAC-C498-44DD-B274-62EA2506B51D}.Test|Mixed Platforms.Build.0 = Release|Any CPU
		{01987BAC-C498-44DD-B274-62EA2506B51D}.Test|x86.ActiveCfg = Release|Any CPU
		{55BAA051-CE62-4D4A-81B6-68B042CC78E9}.Debug|Any CPU.ActiveCfg = Debug|Any CPU
		{55BAA051-CE62-4D4A-81B6-68B042CC78E9}.Debug|Any CPU.Build.0 = Debug|Any CPU
		{55BAA051-CE62-4D4A-81B6-68B042CC78E9}.Debug|Mixed Platforms.ActiveCfg = Debug|Any CPU
		{55BAA051-CE62-4D4A-81B6-68B042CC78E9}.Debug|Mixed Platforms.Build.0 = Debug|Any CPU
		{55BAA051-CE62-4D4A-81B6-68B042CC78E9}.Debug|x86.ActiveCfg = Debug|Any CPU
		{55BAA051-CE62-4D4A-81B6-68B042CC78E9}.Release|Any CPU.ActiveCfg = Release|Any CPU
		{55BAA051-CE62-4D4A-81B6-68B042CC78E9}.Release|Any CPU.Build.0 = Release|Any CPU
		{55BAA051-CE62-4D4A-81B6-68B042CC78E9}.Release|Mixed Platforms.ActiveCfg = Release|Any CPU
		{55BAA051-CE62-4D4A-81B6-68B042CC78E9}.Release|Mixed Platforms.Build.0 = Release|Any CPU
		{55BAA051-CE62-4D4A-81B6-68B042CC78E9}.Release|x86.ActiveCfg = Release|Any CPU
		{55BAA051-CE62-4D4A-81B6-68B042CC78E9}.Test|Any CPU.ActiveCfg = Release|Any CPU
		{55BAA051-CE62-4D4A-81B6-68B042CC78E9}.Test|Any CPU.Build.0 = Release|Any CPU
		{55BAA051-CE62-4D4A-81B6-68B042CC78E9}.Test|Mixed Platforms.ActiveCfg = Release|Any CPU
		{55BAA051-CE62-4D4A-81B6-68B042CC78E9}.Test|Mixed Platforms.Build.0 = Release|Any CPU
		{55BAA051-CE62-4D4A-81B6-68B042CC78E9}.Test|x86.ActiveCfg = Release|Any CPU
		{49BA8E71-4F97-40D6-BBE7-22B71D222486}.Debug|Any CPU.ActiveCfg = Debug|Any CPU
		{49BA8E71-4F97-40D6-BBE7-22B71D222486}.Debug|Any CPU.Build.0 = Debug|Any CPU
		{49BA8E71-4F97-40D6-BBE7-22B71D222486}.Debug|Mixed Platforms.ActiveCfg = Debug|Any CPU
		{49BA8E71-4F97-40D6-BBE7-22B71D222486}.Debug|Mixed Platforms.Build.0 = Debug|Any CPU
		{49BA8E71-4F97-40D6-BBE7-22B71D222486}.Debug|x86.ActiveCfg = Debug|Any CPU
		{49BA8E71-4F97-40D6-BBE7-22B71D222486}.Release|Any CPU.ActiveCfg = Release|Any CPU
		{49BA8E71-4F97-40D6-BBE7-22B71D222486}.Release|Any CPU.Build.0 = Release|Any CPU
		{49BA8E71-4F97-40D6-BBE7-22B71D222486}.Release|Mixed Platforms.ActiveCfg = Release|Any CPU
		{49BA8E71-4F97-40D6-BBE7-22B71D222486}.Release|Mixed Platforms.Build.0 = Release|Any CPU
		{49BA8E71-4F97-40D6-BBE7-22B71D222486}.Release|x86.ActiveCfg = Release|Any CPU
		{49BA8E71-4F97-40D6-BBE7-22B71D222486}.Test|Any CPU.ActiveCfg = Release|Any CPU
		{49BA8E71-4F97-40D6-BBE7-22B71D222486}.Test|Any CPU.Build.0 = Release|Any CPU
		{49BA8E71-4F97-40D6-BBE7-22B71D222486}.Test|Mixed Platforms.ActiveCfg = Release|Any CPU
		{49BA8E71-4F97-40D6-BBE7-22B71D222486}.Test|Mixed Platforms.Build.0 = Release|Any CPU
		{49BA8E71-4F97-40D6-BBE7-22B71D222486}.Test|x86.ActiveCfg = Release|Any CPU
		{1C137CC3-DBBF-469B-BC14-DAAF3A75E197}.Debug|Any CPU.ActiveCfg = Debug|Any CPU
		{1C137CC3-DBBF-469B-BC14-DAAF3A75E197}.Debug|Any CPU.Build.0 = Debug|Any CPU
		{1C137CC3-DBBF-469B-BC14-DAAF3A75E197}.Debug|Mixed Platforms.ActiveCfg = Debug|Any CPU
		{1C137CC3-DBBF-469B-BC14-DAAF3A75E197}.Debug|Mixed Platforms.Build.0 = Debug|Any CPU
		{1C137CC3-DBBF-469B-BC14-DAAF3A75E197}.Debug|x86.ActiveCfg = Debug|Any CPU
		{1C137CC3-DBBF-469B-BC14-DAAF3A75E197}.Release|Any CPU.ActiveCfg = Release|Any CPU
		{1C137CC3-DBBF-469B-BC14-DAAF3A75E197}.Release|Any CPU.Build.0 = Release|Any CPU
		{1C137CC3-DBBF-469B-BC14-DAAF3A75E197}.Release|Mixed Platforms.ActiveCfg = Release|Any CPU
		{1C137CC3-DBBF-469B-BC14-DAAF3A75E197}.Release|Mixed Platforms.Build.0 = Release|Any CPU
		{1C137CC3-DBBF-469B-BC14-DAAF3A75E197}.Release|x86.ActiveCfg = Release|Any CPU
		{1C137CC3-DBBF-469B-BC14-DAAF3A75E197}.Test|Any CPU.ActiveCfg = Release|Any CPU
		{1C137CC3-DBBF-469B-BC14-DAAF3A75E197}.Test|Any CPU.Build.0 = Release|Any CPU
		{1C137CC3-DBBF-469B-BC14-DAAF3A75E197}.Test|Mixed Platforms.ActiveCfg = Release|Any CPU
		{1C137CC3-DBBF-469B-BC14-DAAF3A75E197}.Test|Mixed Platforms.Build.0 = Release|Any CPU
		{1C137CC3-DBBF-469B-BC14-DAAF3A75E197}.Test|x86.ActiveCfg = Release|Any CPU
		{CE494EA2-825A-44AA-886E-8FDCE0AE37BA}.Debug|Any CPU.ActiveCfg = Debug|x86
		{CE494EA2-825A-44AA-886E-8FDCE0AE37BA}.Debug|Mixed Platforms.ActiveCfg = Debug|x86
		{CE494EA2-825A-44AA-886E-8FDCE0AE37BA}.Debug|Mixed Platforms.Build.0 = Debug|x86
		{CE494EA2-825A-44AA-886E-8FDCE0AE37BA}.Debug|x86.ActiveCfg = Debug|x86
		{CE494EA2-825A-44AA-886E-8FDCE0AE37BA}.Debug|x86.Build.0 = Debug|x86
		{CE494EA2-825A-44AA-886E-8FDCE0AE37BA}.Release|Any CPU.ActiveCfg = Release|x86
		{CE494EA2-825A-44AA-886E-8FDCE0AE37BA}.Release|Mixed Platforms.ActiveCfg = Release|x86
		{CE494EA2-825A-44AA-886E-8FDCE0AE37BA}.Release|Mixed Platforms.Build.0 = Release|x86
		{CE494EA2-825A-44AA-886E-8FDCE0AE37BA}.Release|x86.ActiveCfg = Release|x86
		{CE494EA2-825A-44AA-886E-8FDCE0AE37BA}.Release|x86.Build.0 = Release|x86
		{CE494EA2-825A-44AA-886E-8FDCE0AE37BA}.Test|Any CPU.ActiveCfg = Release|x86
		{CE494EA2-825A-44AA-886E-8FDCE0AE37BA}.Test|Mixed Platforms.ActiveCfg = Release|x86
		{CE494EA2-825A-44AA-886E-8FDCE0AE37BA}.Test|Mixed Platforms.Build.0 = Release|x86
		{CE494EA2-825A-44AA-886E-8FDCE0AE37BA}.Test|x86.ActiveCfg = Release|x86
		{CE494EA2-825A-44AA-886E-8FDCE0AE37BA}.Test|x86.Build.0 = Release|x86
		{1BC7E184-8225-425A-900E-9FEA38865E20}.Debug|Any CPU.ActiveCfg = Debug|Any CPU
		{1BC7E184-8225-425A-900E-9FEA38865E20}.Debug|Any CPU.Build.0 = Debug|Any CPU
		{1BC7E184-8225-425A-900E-9FEA38865E20}.Debug|Mixed Platforms.ActiveCfg = Debug|Any CPU
		{1BC7E184-8225-425A-900E-9FEA38865E20}.Debug|Mixed Platforms.Build.0 = Debug|Any CPU
		{1BC7E184-8225-425A-900E-9FEA38865E20}.Debug|x86.ActiveCfg = Debug|Any CPU
		{1BC7E184-8225-425A-900E-9FEA38865E20}.Release|Any CPU.ActiveCfg = Release|Any CPU
		{1BC7E184-8225-425A-900E-9FEA38865E20}.Release|Any CPU.Build.0 = Release|Any CPU
		{1BC7E184-8225-425A-900E-9FEA38865E20}.Release|Mixed Platforms.ActiveCfg = Release|Any CPU
		{1BC7E184-8225-425A-900E-9FEA38865E20}.Release|Mixed Platforms.Build.0 = Release|Any CPU
		{1BC7E184-8225-425A-900E-9FEA38865E20}.Release|x86.ActiveCfg = Release|Any CPU
		{1BC7E184-8225-425A-900E-9FEA38865E20}.Test|Any CPU.ActiveCfg = Release|Any CPU
		{1BC7E184-8225-425A-900E-9FEA38865E20}.Test|Any CPU.Build.0 = Release|Any CPU
		{1BC7E184-8225-425A-900E-9FEA38865E20}.Test|Mixed Platforms.ActiveCfg = Release|Any CPU
		{1BC7E184-8225-425A-900E-9FEA38865E20}.Test|Mixed Platforms.Build.0 = Release|Any CPU
		{1BC7E184-8225-425A-900E-9FEA38865E20}.Test|x86.ActiveCfg = Release|Any CPU
		{D9A94B6C-7A16-4472-916C-AF2CD1B1F226}.Debug|Any CPU.ActiveCfg = Debug|Any CPU
		{D9A94B6C-7A16-4472-916C-AF2CD1B1F226}.Debug|Any CPU.Build.0 = Debug|Any CPU
		{D9A94B6C-7A16-4472-916C-AF2CD1B1F226}.Debug|Mixed Platforms.ActiveCfg = Debug|Any CPU
		{D9A94B6C-7A16-4472-916C-AF2CD1B1F226}.Debug|Mixed Platforms.Build.0 = Debug|Any CPU
		{D9A94B6C-7A16-4472-916C-AF2CD1B1F226}.Debug|x86.ActiveCfg = Debug|Any CPU
		{D9A94B6C-7A16-4472-916C-AF2CD1B1F226}.Release|Any CPU.ActiveCfg = Release|Any CPU
		{D9A94B6C-7A16-4472-916C-AF2CD1B1F226}.Release|Any CPU.Build.0 = Release|Any CPU
		{D9A94B6C-7A16-4472-916C-AF2CD1B1F226}.Release|Mixed Platforms.ActiveCfg = Release|Any CPU
		{D9A94B6C-7A16-4472-916C-AF2CD1B1F226}.Release|Mixed Platforms.Build.0 = Release|Any CPU
		{D9A94B6C-7A16-4472-916C-AF2CD1B1F226}.Release|x86.ActiveCfg = Release|Any CPU
		{D9A94B6C-7A16-4472-916C-AF2CD1B1F226}.Test|Any CPU.ActiveCfg = Release|Any CPU
		{D9A94B6C-7A16-4472-916C-AF2CD1B1F226}.Test|Any CPU.Build.0 = Release|Any CPU
		{D9A94B6C-7A16-4472-916C-AF2CD1B1F226}.Test|Mixed Platforms.ActiveCfg = Release|Any CPU
		{D9A94B6C-7A16-4472-916C-AF2CD1B1F226}.Test|Mixed Platforms.Build.0 = Release|Any CPU
		{D9A94B6C-7A16-4472-916C-AF2CD1B1F226}.Test|x86.ActiveCfg = Release|Any CPU
		{00BD38B0-9D33-4E65-9B86-01576FD8B778}.Debug|Any CPU.ActiveCfg = Debug|Any CPU
		{00BD38B0-9D33-4E65-9B86-01576FD8B778}.Debug|Any CPU.Build.0 = Debug|Any CPU
		{00BD38B0-9D33-4E65-9B86-01576FD8B778}.Debug|Mixed Platforms.ActiveCfg = Debug|Any CPU
		{00BD38B0-9D33-4E65-9B86-01576FD8B778}.Debug|Mixed Platforms.Build.0 = Debug|Any CPU
		{00BD38B0-9D33-4E65-9B86-01576FD8B778}.Debug|x86.ActiveCfg = Debug|Any CPU
		{00BD38B0-9D33-4E65-9B86-01576FD8B778}.Release|Any CPU.ActiveCfg = Release|Any CPU
		{00BD38B0-9D33-4E65-9B86-01576FD8B778}.Release|Any CPU.Build.0 = Release|Any CPU
		{00BD38B0-9D33-4E65-9B86-01576FD8B778}.Release|Mixed Platforms.ActiveCfg = Release|Any CPU
		{00BD38B0-9D33-4E65-9B86-01576FD8B778}.Release|Mixed Platforms.Build.0 = Release|Any CPU
		{00BD38B0-9D33-4E65-9B86-01576FD8B778}.Release|x86.ActiveCfg = Release|Any CPU
		{00BD38B0-9D33-4E65-9B86-01576FD8B778}.Test|Any CPU.ActiveCfg = Release|Any CPU
		{00BD38B0-9D33-4E65-9B86-01576FD8B778}.Test|Any CPU.Build.0 = Release|Any CPU
		{00BD38B0-9D33-4E65-9B86-01576FD8B778}.Test|Mixed Platforms.ActiveCfg = Release|Any CPU
		{00BD38B0-9D33-4E65-9B86-01576FD8B778}.Test|Mixed Platforms.Build.0 = Release|Any CPU
		{00BD38B0-9D33-4E65-9B86-01576FD8B778}.Test|x86.ActiveCfg = Release|Any CPU
		{87FA4C97-A768-463B-B1D1-317A07C5FACE}.Debug|Any CPU.ActiveCfg = Debug|Any CPU
		{87FA4C97-A768-463B-B1D1-317A07C5FACE}.Debug|Any CPU.Build.0 = Debug|Any CPU
		{87FA4C97-A768-463B-B1D1-317A07C5FACE}.Debug|Mixed Platforms.ActiveCfg = Debug|Any CPU
		{87FA4C97-A768-463B-B1D1-317A07C5FACE}.Debug|Mixed Platforms.Build.0 = Debug|Any CPU
		{87FA4C97-A768-463B-B1D1-317A07C5FACE}.Debug|x86.ActiveCfg = Debug|Any CPU
		{87FA4C97-A768-463B-B1D1-317A07C5FACE}.Release|Any CPU.ActiveCfg = Release|Any CPU
		{87FA4C97-A768-463B-B1D1-317A07C5FACE}.Release|Any CPU.Build.0 = Release|Any CPU
		{87FA4C97-A768-463B-B1D1-317A07C5FACE}.Release|Mixed Platforms.ActiveCfg = Release|Any CPU
		{87FA4C97-A768-463B-B1D1-317A07C5FACE}.Release|Mixed Platforms.Build.0 = Release|Any CPU
		{87FA4C97-A768-463B-B1D1-317A07C5FACE}.Release|x86.ActiveCfg = Release|Any CPU
		{87FA4C97-A768-463B-B1D1-317A07C5FACE}.Test|Any CPU.ActiveCfg = Release|Any CPU
		{87FA4C97-A768-463B-B1D1-317A07C5FACE}.Test|Any CPU.Build.0 = Release|Any CPU
		{87FA4C97-A768-463B-B1D1-317A07C5FACE}.Test|Mixed Platforms.ActiveCfg = Release|Any CPU
		{87FA4C97-A768-463B-B1D1-317A07C5FACE}.Test|Mixed Platforms.Build.0 = Release|Any CPU
		{87FA4C97-A768-463B-B1D1-317A07C5FACE}.Test|x86.ActiveCfg = Release|Any CPU
		{58AF6AD6-3DFA-4B34-BC4F-4AEB6DA711E9}.Debug|Any CPU.ActiveCfg = Debug|x86
		{58AF6AD6-3DFA-4B34-BC4F-4AEB6DA711E9}.Debug|Mixed Platforms.ActiveCfg = Debug|x86
		{58AF6AD6-3DFA-4B34-BC4F-4AEB6DA711E9}.Debug|Mixed Platforms.Build.0 = Debug|x86
		{58AF6AD6-3DFA-4B34-BC4F-4AEB6DA711E9}.Debug|x86.ActiveCfg = Debug|x86
		{58AF6AD6-3DFA-4B34-BC4F-4AEB6DA711E9}.Debug|x86.Build.0 = Debug|x86
		{58AF6AD6-3DFA-4B34-BC4F-4AEB6DA711E9}.Release|Any CPU.ActiveCfg = Release|x86
		{58AF6AD6-3DFA-4B34-BC4F-4AEB6DA711E9}.Release|Mixed Platforms.ActiveCfg = Release|x86
		{58AF6AD6-3DFA-4B34-BC4F-4AEB6DA711E9}.Release|Mixed Platforms.Build.0 = Release|x86
		{58AF6AD6-3DFA-4B34-BC4F-4AEB6DA711E9}.Release|x86.ActiveCfg = Release|x86
		{58AF6AD6-3DFA-4B34-BC4F-4AEB6DA711E9}.Release|x86.Build.0 = Release|x86
		{58AF6AD6-3DFA-4B34-BC4F-4AEB6DA711E9}.Test|Any CPU.ActiveCfg = Release|x86
		{58AF6AD6-3DFA-4B34-BC4F-4AEB6DA711E9}.Test|Mixed Platforms.ActiveCfg = Release|x86
		{58AF6AD6-3DFA-4B34-BC4F-4AEB6DA711E9}.Test|Mixed Platforms.Build.0 = Release|x86
		{58AF6AD6-3DFA-4B34-BC4F-4AEB6DA711E9}.Test|x86.ActiveCfg = Release|x86
		{58AF6AD6-3DFA-4B34-BC4F-4AEB6DA711E9}.Test|x86.Build.0 = Release|x86
	EndGlobalSection
	GlobalSection(SolutionProperties) = preSolution
		HideSolutionNode = FALSE
	EndGlobalSection
	GlobalSection(NestedProjects) = preSolution
		{B9113694-7226-4152-938D-3172B11571A1} = {42D50A47-98DA-4CB2-9596-A6458F3153AE}
		{A24F4D38-BA9C-4FD6-95B7-4980DE36131A} = {42D50A47-98DA-4CB2-9596-A6458F3153AE}
		{BDBB6CE9-C3CE-49C1-A05E-2D7628430A02} = {42D50A47-98DA-4CB2-9596-A6458F3153AE}
		{40B77789-EA11-4C05-8F52-86711D7BCAAF} = {42D50A47-98DA-4CB2-9596-A6458F3153AE}
		{153FEF72-191C-43D9-BE71-2B351C7AC760} = {42D50A47-98DA-4CB2-9596-A6458F3153AE}
		{BEAF6CBD-16DD-456B-A889-421E0DFAB783} = {42D50A47-98DA-4CB2-9596-A6458F3153AE}
		{01987BAC-C498-44DD-B274-62EA2506B51D} = {42D50A47-98DA-4CB2-9596-A6458F3153AE}
		{55BAA051-CE62-4D4A-81B6-68B042CC78E9} = {42D50A47-98DA-4CB2-9596-A6458F3153AE}
		{49BA8E71-4F97-40D6-BBE7-22B71D222486} = {42D50A47-98DA-4CB2-9596-A6458F3153AE}
		{FC181BA8-9DE5-444C-899F-9C554BC65629} = {BEAF6CBD-16DD-456B-A889-421E0DFAB783}
		{ACCCC9EB-6386-44DC-8147-D69751FC6D93} = {BEAF6CBD-16DD-456B-A889-421E0DFAB783}
		{11506522-2245-44AA-91FE-C92CC58B4666} = {A95717F1-D69A-4254-AB89-A5D46B6AFF4A}
		{0745695B-0C2D-40E1-88FE-9299B92A6AF6} = {A95717F1-D69A-4254-AB89-A5D46B6AFF4A}
		{E6619B39-03AB-4A3F-A911-A0719574DA6C} = {A95717F1-D69A-4254-AB89-A5D46B6AFF4A}
		{92E54547-B633-4103-8AE9-9B4D28A1F8E4} = {A95717F1-D69A-4254-AB89-A5D46B6AFF4A}
		{11F9274D-3B62-40AD-96E8-F4F4316B111E} = {A95717F1-D69A-4254-AB89-A5D46B6AFF4A}
		{2B7BB484-19C5-4448-BE5B-662FE10669DA} = {A95717F1-D69A-4254-AB89-A5D46B6AFF4A}
		{1C137CC3-DBBF-469B-BC14-DAAF3A75E197} = {A95717F1-D69A-4254-AB89-A5D46B6AFF4A}
		{CE494EA2-825A-44AA-886E-8FDCE0AE37BA} = {AD3B4AE5-9958-4A2D-9EEE-9A3FD5153D81}
		{58AF6AD6-3DFA-4B34-BC4F-4AEB6DA711E9} = {AD3B4AE5-9958-4A2D-9EEE-9A3FD5153D81}
		{1BC7E184-8225-425A-900E-9FEA38865E20} = {F3231D96-56A1-4DB0-8E22-7EC5E8A1D470}
		{D9A94B6C-7A16-4472-916C-AF2CD1B1F226} = {F3231D96-56A1-4DB0-8E22-7EC5E8A1D470}
		{00BD38B0-9D33-4E65-9B86-01576FD8B778} = {F3231D96-56A1-4DB0-8E22-7EC5E8A1D470}
		{87FA4C97-A768-463B-B1D1-317A07C5FACE} = {F3231D96-56A1-4DB0-8E22-7EC5E8A1D470}
	EndGlobalSection
EndGlobal
