
Microsoft Visual Studio Solution File, Format Version 11.00
# Visual Studio 2010
Project("{FAE04EC0-301F-11D3-BF4B-00C04F79EFBC}") = "libdevicecomm", "libdevicecomm\libdevicecomm.csproj", "{0745695B-0C2D-40E1-88FE-9299B92A6AF6}"
EndProject
Project("{FAE04EC0-301F-11D3-BF4B-00C04F79EFBC}") = "libdeviceui", "libdeviceui\libdeviceui.csproj", "{2B7BB484-19C5-4448-BE5B-662FE10669DA}"
EndProject
Project("{FAE04EC0-301F-11D3-BF4B-00C04F79EFBC}") = "DeviceAirConditioner", "DeviceAirConditioner\DeviceAirConditioner.csproj", "{11506522-2245-44AA-91FE-C92CC58B4666}"
EndProject
Project("{FAE04EC0-301F-11D3-BF4B-00C04F79EFBC}") = "DeviceHeater", "DeviceHeater\DeviceHeater.csproj", "{E6619B39-03AB-4A3F-A911-A0719574DA6C}"
EndProject
Project("{FAE04EC0-301F-11D3-BF4B-00C04F79EFBC}") = "DeviceVerifier", "DeviceVerifier\DeviceVerifier.csproj", "{11F9274D-3B62-40AD-96E8-F4F4316B111E}"
EndProject
Project("{FAE04EC0-301F-11D3-BF4B-00C04F79EFBC}") = "DeviceThermometer", "DeviceThermometer\DeviceThermometer.csproj", "{92E54547-B633-4103-8AE9-9B4D28A1F8E4}"
EndProject
Global
	GlobalSection(SolutionConfigurationPlatforms) = preSolution
		Debug|Any CPU = Debug|Any CPU
		Debug|Mixed Platforms = Debug|Mixed Platforms
		Debug|x86 = Debug|x86
		Release|Any CPU = Release|Any CPU
		Release|Mixed Platforms = Release|Mixed Platforms
		Release|x86 = Release|x86
	EndGlobalSection
	GlobalSection(ProjectConfigurationPlatforms) = postSolution
		{0745695B-0C2D-40E1-88FE-9299B92A6AF6}.Debug|Any CPU.ActiveCfg = Debug|Any CPU
		{0745695B-0C2D-40E1-88FE-9299B92A6AF6}.Debug|Any CPU.Build.0 = Debug|Any CPU
		{0745695B-0C2D-40E1-88FE-9299B92A6AF6}.Debug|Mixed Platforms.ActiveCfg = Debug|Any CPU
		{0745695B-0C2D-40E1-88FE-9299B92A6AF6}.Debug|Mixed Platforms.Build.0 = Debug|Any CPU
		{0745695B-0C2D-40E1-88FE-9299B92A6AF6}.Debug|x86.ActiveCfg = Debug|Any CPU
		{0745695B-0C2D-40E1-88FE-9299B92A6AF6}.Release|Any CPU.ActiveCfg = Release|Any CPU
		{0745695B-0C2D-40E1-88FE-9299B92A6AF6}.Release|Any CPU.Build.0 = Release|Any CPU
		{0745695B-0C2D-40E1-88FE-9299B92A6AF6}.Release|Mixed Platforms.ActiveCfg = Release|Any CPU
		{0745695B-0C2D-40E1-88FE-9299B92A6AF6}.Release|Mixed Platforms.Build.0 = Release|Any CPU
		{0745695B-0C2D-40E1-88FE-9299B92A6AF6}.Release|x86.ActiveCfg = Release|Any CPU
		{2B7BB484-19C5-4448-BE5B-662FE10669DA}.Debug|Any CPU.ActiveCfg = Debug|Any CPU
		{2B7BB484-19C5-4448-BE5B-662FE10669DA}.Debug|Any CPU.Build.0 = Debug|Any CPU
		{2B7BB484-19C5-4448-BE5B-662FE10669DA}.Debug|Mixed Platforms.ActiveCfg = Debug|Any CPU
		{2B7BB484-19C5-4448-BE5B-662FE10669DA}.Debug|Mixed Platforms.Build.0 = Debug|Any CPU
		{2B7BB484-19C5-4448-BE5B-662FE10669DA}.Debug|x86.ActiveCfg = Debug|Any CPU
		{2B7BB484-19C5-4448-BE5B-662FE10669DA}.Release|Any CPU.ActiveCfg = Release|Any CPU
		{2B7BB484-19C5-4448-BE5B-662FE10669DA}.Release|Any CPU.Build.0 = Release|Any CPU
		{2B7BB484-19C5-4448-BE5B-662FE10669DA}.Release|Mixed Platforms.ActiveCfg = Release|Any CPU
		{2B7BB484-19C5-4448-BE5B-662FE10669DA}.Release|Mixed Platforms.Build.0 = Release|Any CPU
		{2B7BB484-19C5-4448-BE5B-662FE10669DA}.Release|x86.ActiveCfg = Release|Any CPU
		{11506522-2245-44AA-91FE-C92CC58B4666}.Debug|Any CPU.ActiveCfg = Debug|x86
		{11506522-2245-44AA-91FE-C92CC58B4666}.Debug|Mixed Platforms.ActiveCfg = Debug|x86
		{11506522-2245-44AA-91FE-C92CC58B4666}.Debug|Mixed Platforms.Build.0 = Debug|x86
		{11506522-2245-44AA-91FE-C92CC58B4666}.Debug|x86.ActiveCfg = Debug|x86
		{11506522-2245-44AA-91FE-C92CC58B4666}.Debug|x86.Build.0 = Debug|x86
		{11506522-2245-44AA-91FE-C92CC58B4666}.Release|Any CPU.ActiveCfg = Release|x86
		{11506522-2245-44AA-91FE-C92CC58B4666}.Release|Mixed Platforms.ActiveCfg = Release|x86
		{11506522-2245-44AA-91FE-C92CC58B4666}.Release|Mixed Platforms.Build.0 = Release|x86
		{11506522-2245-44AA-91FE-C92CC58B4666}.Release|x86.ActiveCfg = Release|x86
		{11506522-2245-44AA-91FE-C92CC58B4666}.Release|x86.Build.0 = Release|x86
		{E6619B39-03AB-4A3F-A911-A0719574DA6C}.Debug|Any CPU.ActiveCfg = Debug|x86
		{E6619B39-03AB-4A3F-A911-A0719574DA6C}.Debug|Mixed Platforms.ActiveCfg = Debug|x86
		{E6619B39-03AB-4A3F-A911-A0719574DA6C}.Debug|Mixed Platforms.Build.0 = Debug|x86
		{E6619B39-03AB-4A3F-A911-A0719574DA6C}.Debug|x86.ActiveCfg = Debug|x86
		{E6619B39-03AB-4A3F-A911-A0719574DA6C}.Debug|x86.Build.0 = Debug|x86
		{E6619B39-03AB-4A3F-A911-A0719574DA6C}.Release|Any CPU.ActiveCfg = Release|x86
		{E6619B39-03AB-4A3F-A911-A0719574DA6C}.Release|Mixed Platforms.ActiveCfg = Release|x86
		{E6619B39-03AB-4A3F-A911-A0719574DA6C}.Release|Mixed Platforms.Build.0 = Release|x86
		{E6619B39-03AB-4A3F-A911-A0719574DA6C}.Release|x86.ActiveCfg = Release|x86
		{E6619B39-03AB-4A3F-A911-A0719574DA6C}.Release|x86.Build.0 = Release|x86
		{11F9274D-3B62-40AD-96E8-F4F4316B111E}.Debug|Any CPU.ActiveCfg = Debug|x86
		{11F9274D-3B62-40AD-96E8-F4F4316B111E}.Debug|Mixed Platforms.ActiveCfg = Debug|x86
		{11F9274D-3B62-40AD-96E8-F4F4316B111E}.Debug|Mixed Platforms.Build.0 = Debug|x86
		{11F9274D-3B62-40AD-96E8-F4F4316B111E}.Debug|x86.ActiveCfg = Debug|x86
		{11F9274D-3B62-40AD-96E8-F4F4316B111E}.Debug|x86.Build.0 = Debug|x86
		{11F9274D-3B62-40AD-96E8-F4F4316B111E}.Release|Any CPU.ActiveCfg = Release|x86
		{11F9274D-3B62-40AD-96E8-F4F4316B111E}.Release|Mixed Platforms.ActiveCfg = Release|x86
		{11F9274D-3B62-40AD-96E8-F4F4316B111E}.Release|Mixed Platforms.Build.0 = Release|x86
		{11F9274D-3B62-40AD-96E8-F4F4316B111E}.Release|x86.ActiveCfg = Release|x86
		{11F9274D-3B62-40AD-96E8-F4F4316B111E}.Release|x86.Build.0 = Release|x86
		{92E54547-B633-4103-8AE9-9B4D28A1F8E4}.Debug|Any CPU.ActiveCfg = Debug|x86
		{92E54547-B633-4103-8AE9-9B4D28A1F8E4}.Debug|Mixed Platforms.ActiveCfg = Debug|x86
		{92E54547-B633-4103-8AE9-9B4D28A1F8E4}.Debug|Mixed Platforms.Build.0 = Debug|x86
		{92E54547-B633-4103-8AE9-9B4D28A1F8E4}.Debug|x86.ActiveCfg = Debug|x86
		{92E54547-B633-4103-8AE9-9B4D28A1F8E4}.Debug|x86.Build.0 = Debug|x86
		{92E54547-B633-4103-8AE9-9B4D28A1F8E4}.Release|Any CPU.ActiveCfg = Release|x86
		{92E54547-B633-4103-8AE9-9B4D28A1F8E4}.Release|Mixed Platforms.ActiveCfg = Release|x86
		{92E54547-B633-4103-8AE9-9B4D28A1F8E4}.Release|Mixed Platforms.Build.0 = Release|x86
		{92E54547-B633-4103-8AE9-9B4D28A1F8E4}.Release|x86.ActiveCfg = Release|x86
		{92E54547-B633-4103-8AE9-9B4D28A1F8E4}.Release|x86.Build.0 = Release|x86
	EndGlobalSection
	GlobalSection(SolutionProperties) = preSolution
		HideSolutionNode = FALSE
	EndGlobalSection
EndGlobal
