
Microsoft Visual Studio Solution File, Format Version 12.00
# Visual Studio 2012
Project("{FAE04EC0-301F-11D3-BF4B-00C04F79EFBC}") = "SocketGlobal", "SocketGlobal\SocketGlobal.csproj", "{6BC18475-618B-467B-803B-057C8EBA8114}"
EndProject
Project("{FAE04EC0-301F-11D3-BF4B-00C04F79EFBC}") = "Server_SuperSocket", "Server\Server_SuperSocket.csproj", "{66E0649E-ECC4-452C-B962-72AC498BB4F7}"
EndProject
Project("{FAE04EC0-301F-11D3-BF4B-00C04F79EFBC}") = "Client_ClientEngine", "ClientEngine_ClientEngine\Client_ClientEngine.csproj", "{40EC257A-C1B0-4640-82F8-9088375F21BC}"
EndProject
Project("{2150E333-8FDC-42A3-9474-1A3956D46DE8}") = "Solution Items", "Solution Items", "{8D0440E7-5395-4569-A7F8-7040F3CD8A21}"
	ProjectSection(SolutionItems) = preProject
		License.txt = License.txt
		Readme.txt = Readme.txt
	EndProjectSection
EndProject
Global
	GlobalSection(SolutionConfigurationPlatforms) = preSolution
		Debug|Any CPU = Debug|Any CPU
		Release|Any CPU = Release|Any CPU
	EndGlobalSection
	GlobalSection(ProjectConfigurationPlatforms) = postSolution
		{6BC18475-618B-467B-803B-057C8EBA8114}.Debug|Any CPU.ActiveCfg = Debug|Any CPU
		{6BC18475-618B-467B-803B-057C8EBA8114}.Debug|Any CPU.Build.0 = Debug|Any CPU
		{6BC18475-618B-467B-803B-057C8EBA8114}.Release|Any CPU.ActiveCfg = Release|Any CPU
		{6BC18475-618B-467B-803B-057C8EBA8114}.Release|Any CPU.Build.0 = Release|Any CPU
		{66E0649E-ECC4-452C-B962-72AC498BB4F7}.Debug|Any CPU.ActiveCfg = Debug|Any CPU
		{66E0649E-ECC4-452C-B962-72AC498BB4F7}.Debug|Any CPU.Build.0 = Debug|Any CPU
		{66E0649E-ECC4-452C-B962-72AC498BB4F7}.Release|Any CPU.ActiveCfg = Release|Any CPU
		{66E0649E-ECC4-452C-B962-72AC498BB4F7}.Release|Any CPU.Build.0 = Release|Any CPU
		{40EC257A-C1B0-4640-82F8-9088375F21BC}.Debug|Any CPU.ActiveCfg = Debug|Any CPU
		{40EC257A-C1B0-4640-82F8-9088375F21BC}.Debug|Any CPU.Build.0 = Debug|Any CPU
		{40EC257A-C1B0-4640-82F8-9088375F21BC}.Release|Any CPU.ActiveCfg = Release|Any CPU
		{40EC257A-C1B0-4640-82F8-9088375F21BC}.Release|Any CPU.Build.0 = Release|Any CPU
	EndGlobalSection
	GlobalSection(SolutionProperties) = preSolution
		HideSolutionNode = FALSE
	EndGlobalSection
EndGlobal
